// !$*UTF8*$!
{
	archiveVersion = 1;
	classes = {
	};
	objectVersion = 77;
	objects = {

/* Begin PBXBuildFile section */
		295BC0AB488C40FA9DA19792 /* Theme.swift in Sources */ = {isa = PBXBuildFile; fileRef = DBB36E2FD715B0DDC4A978B9 /* Theme.swift */; };
		B6D2926D873CA05235ED6763 /* Canvas.swift in Sources */ = {isa = PBXBuildFile; fileRef = F98BD802E414FDC3F941EB0D /* Canvas.swift */; };
		C24874B729D36CC928ECACEE /* AppUI.swift in Sources */ = {isa = PBXBuildFile; fileRef = 8DF30FE51CEF32CF8B823423 /* AppUI.swift */; };
		CFA7C0D39BFBEB3AEE78A1AF /* main.swift in Sources */ = {isa = PBXBuildFile; fileRef = 03A936A2455511A991851C8E /* main.swift */; };
		DDBBC8B217FD1B837FE4C00C /* Support.swift in Sources */ = {isa = PBXBuildFile; fileRef = 17CE7A7A17EF718EB95BA54A /* Support.swift */; };
/* End PBXBuildFile section */

/* Begin PBXFileReference section */
		03A936A2455511A991851C8E /* main.swift */ = {isa = PBXFileReference; lastKnownFileType = sourcecode.swift; path = main.swift; sourceTree = "<group>"; };
		17CE7A7A17EF718EB95BA54A /* Support.swift */ = {isa = PBXFileReference; lastKnownFileType = sourcecode.swift; path = Support.swift; sourceTree = "<group>"; };
		1FBAA3512D64BF76A3EC3DC0 /* LassoCropper.app */ = {isa = PBXFileReference; explicitFileType = wrapper.application; includeInIndex = 0; path = LassoCropper.app; sourceTree = BUILT_PRODUCTS_DIR; };
		8DF30FE51CEF32CF8B823423 /* AppUI.swift */ = {isa = PBXFileReference; lastKnownFileType = sourcecode.swift; path = AppUI.swift; sourceTree = "<group>"; };
		DBB36E2FD715B0DDC4A978B9 /* Theme.swift */ = {isa = PBXFileReference; lastKnownFileType = sourcecode.swift; path = Theme.swift; sourceTree = "<group>"; };
		F98BD802E414FDC3F941EB0D /* Canvas.swift */ = {isa = PBXFileReference; lastKnownFileType = sourcecode.swift; path = Canvas.swift; sourceTree = "<group>"; };
/* End PBXFileReference section */

/* Begin PBXGroup section */
		811CE26F0D7678E211E7BB51 /* LassoCropper */ = {
			isa = PBXGroup;
			children = (
				8DF30FE51CEF32CF8B823423 /* AppUI.swift */,
				F98BD802E414FDC3F941EB0D /* Canvas.swift */,
				03A936A2455511A991851C8E /* main.swift */,
				17CE7A7A17EF718EB95BA54A /* Support.swift */,
				DBB36E2FD715B0DDC4A978B9 /* Theme.swift */,
			);
			path = LassoCropper;
			sourceTree = "<group>";
		};
		AB32521471F7946635F1468C = {
			isa = PBXGroup;
			children = (
				D0BE9E074E001F420A6640F0 /* Sources */,
				DB7E7799F623C90999079AF6 /* Products */,
			);
			sourceTree = "<group>";
		};
		D0BE9E074E001F420A6640F0 /* Sources */ = {
			isa = PBXGroup;
			children = (
				811CE26F0D7678E211E7BB51 /* LassoCropper */,
			);
			path = Sources;
			sourceTree = "<group>";
		};
		DB7E7799F623C90999079AF6 /* Products */ = {
			isa = PBXGroup;
			children = (
				1FBAA3512D64BF76A3EC3DC0 /* LassoCropper.app */,
			);
			name = Products;
			sourceTree = "<group>";
		};
/* End PBXGroup section */

/* Begin PBXNativeTarget section */
		5833E8EBC629D1267BFC96AE /* LassoCropper */ = {
			isa = PBXNativeTarget;
			buildConfigurationList = 9811FE56827F903A26EE6C58 /* Build configuration list for PBXNativeTarget "LassoCropper" */;
			buildPhases = (
				8A2AD1D35F657E74ECCB528A /* Sources */,
			);
			buildRules = (
			);
			dependencies = (
			);
			name = LassoCropper;
			packageProductDependencies = (
			);
			productName = LassoCropper;
			productReference = 1FBAA3512D64BF76A3EC3DC0 /* LassoCropper.app */;
			productType = "com.apple.product-type.application";
		};
/* End PBXNativeTarget section */

/* Begin PBXProject section */
		26EAC0C61AF3E12CE1EFD220 /* Project object */ = {
			isa = PBXProject;
			attributes = {
				BuildIndependentTargetsInParallel = YES;
				LastUpgradeCheck = 1430;
				TargetAttributes = {
					5833E8EBC629D1267BFC96AE = {
						DevelopmentTeam = QZZ878S3NS;
						ProvisioningStyle = Automatic;
					};
				};
			};
			buildConfigurationList = BA6039F26D22C31142F117DA /* Build configuration list for PBXProject "LassoCropper" */;
			developmentRegion = en;
			hasScannedForEncodings = 0;
			knownRegions = (
				Base,
				en,
			);
			mainGroup = AB32521471F7946635F1468C;
			minimizedProjectReferenceProxies = 1;
			preferredProjectObjectVersion = 77;
			productRefGroup = DB7E7799F623C90999079AF6 /* Products */;
			projectDirPath = "";
			projectRoot = "";
			targets = (
				5833E8EBC629D1267BFC96AE /* LassoCropper */,
			);
		};
/* End PBXProject section */

/* Begin PBXSourcesBuildPhase section */
		8A2AD1D35F657E74ECCB528A /* Sources */ = {
			isa = PBXSourcesBuildPhase;
			buildActionMask = 2147483647;
			files = (
				C24874B729D36CC928ECACEE /* AppUI.swift in Sources */,
				B6D2926D873CA05235ED6763 /* Canvas.swift in Sources */,
				DDBBC8B217FD1B837FE4C00C /* Support.swift in Sources */,
				295BC0AB488C40FA9DA19792 /* Theme.swift in Sources */,
				CFA7C0D39BFBEB3AEE78A1AF /* main.swift in Sources */,
			);
			runOnlyForDeploymentPostprocessing = 0;
		};
/* End PBXSourcesBuildPhase section */

/* Begin XCBuildConfiguration section */
		2C31D5962C281CBDF15BCF1B /* Release */ = {
			isa = XCBuildConfiguration;
			buildSettings = {
				ASSETCATALOG_COMPILER_APPICON_NAME = AppIcon;
				COMBINE_HIDPI_IMAGES = YES;
				LD_RUNPATH_SEARCH_PATHS = "@executable_path/../Frameworks";
				PRODUCT_MODULE_NAME = LassoCropper;
				PRODUCT_NAME = LassoCropper;
				SDKROOT = macosx;
			};
			name = Release;
		};
		41223BA77A4184DD669F26CF /* Release */ = {
			isa = XCBuildConfiguration;
			buildSettings = {
				ALWAYS_SEARCH_USER_PATHS = NO;
				ASSETCATALOG_COMPILER_APPICON_NAME = AppIcon;
				CLANG_ANALYZER_NONNULL = YES;
				CLANG_ANALYZER_NUMBER_OBJECT_CONVERSION = YES_AGGRESSIVE;
				CLANG_CXX_LANGUAGE_STANDARD = "gnu++14";
				CLANG_CXX_LIBRARY = "libc++";
				CLANG_ENABLE_MODULES = YES;
				CLANG_ENABLE_OBJC_ARC = YES;
				CLANG_ENABLE_OBJC_WEAK = YES;
				CLANG_WARN_BLOCK_CAPTURE_AUTORELEASING = YES;
				CLANG_WARN_BOOL_CONVERSION = YES;
				CLANG_WARN_COMMA = YES;
				CLANG_WARN_CONSTANT_CONVERSION = YES;
				CLANG_WARN_DEPRECATED_OBJC_IMPLEMENTATIONS = YES;
				CLANG_WARN_DIRECT_OBJC_ISA_USAGE = YES_ERROR;
				CLANG_WARN_DOCUMENTATION_COMMENTS = YES;
				CLANG_WARN_EMPTY_BODY = YES;
				CLANG_WARN_ENUM_CONVERSION = YES;
				CLANG_WARN_INFINITE_RECURSION = YES;
				CLANG_WARN_INT_CONVERSION = YES;
				CLANG_WARN_NON_LITERAL_NULL_CONVERSION = YES;
				CLANG_WARN_OBJC_IMPLICIT_RETAIN_SELF = YES;
				CLANG_WARN_OBJC_LITERAL_CONVERSION = YES;
				CLANG_WARN_OBJC_ROOT_CLASS = YES_ERROR;
				CLANG_WARN_QUOTED_INCLUDE_IN_FRAMEWORK_HEADER = YES;
				CLANG_WARN_RANGE_LOOP_ANALYSIS = YES;
				CLANG_WARN_STRICT_PROTOTYPES = YES;
				CLANG_WARN_SUSPICIOUS_MOVE = YES;
				CLANG_WARN_UNGUARDED_AVAILABILITY = YES_AGGRESSIVE;
				CLANG_WARN_UNREACHABLE_CODE = YES;
				CLANG_WARN__DUPLICATE_METHOD_MATCH = YES;
				CODE_SIGN_ENTITLEMENTS = Resources/LassoCropper.entitlements;
				CODE_SIGN_STYLE = Automatic;
				COMBINE_HIDPI_IMAGES = YES;
				COPY_PHASE_STRIP = NO;
				CURRENT_PROJECT_VERSION = 3;
				DEBUG_INFORMATION_FORMAT = "dwarf-with-dsym";
				DEVELOPMENT_TEAM = QZZ878S3NS;
				ENABLE_HARDENED_RUNTIME = YES;
				ENABLE_NS_ASSERTIONS = NO;
				ENABLE_STRICT_OBJC_MSGSEND = YES;
				GCC_C_LANGUAGE_STANDARD = gnu11;
				GCC_NO_COMMON_BLOCKS = YES;
				GCC_WARN_64_TO_32_BIT_CONVERSION = YES;
				GCC_WARN_ABOUT_RETURN_TYPE = YES_ERROR;
				GCC_WARN_UNDECLARED_SELECTOR = YES;
				GCC_WARN_UNINITIALIZED_AUTOS = YES_AGGRESSIVE;
				GCC_WARN_UNUSED_FUNCTION = YES;
				GCC_WARN_UNUSED_VARIABLE = YES;
				GENERATE_INFOPLIST_FILE = NO;
				INFOPLIST_FILE = Info.plist;
				MACOSX_DEPLOYMENT_TARGET = 13.0;
				MARKETING_VERSION = 1.2;
				MTL_ENABLE_DEBUG_INFO = NO;
				MTL_FAST_MATH = YES;
				PRODUCT_BUNDLE_IDENTIFIER = "dev.onecat.lasso-export";
				PRODUCT_NAME = "$(TARGET_NAME)";
				SDKROOT = macosx;
				SWIFT_COMPILATION_MODE = wholemodule;
				SWIFT_OPTIMIZATION_LEVEL = "-O";
				SWIFT_VERSION = 6.0;
			};
			name = Release;
		};
		98AEB1D48B14EF184C3E69E7 /* Debug */ = {
			isa = XCBuildConfiguration;
			buildSettings = {
				ALWAYS_SEARCH_USER_PATHS = NO;
				ASSETCATALOG_COMPILER_APPICON_NAME = AppIcon;
				CLANG_ANALYZER_NONNULL = YES;
				CLANG_ANALYZER_NUMBER_OBJECT_CONVERSION = YES_AGGRESSIVE;
				CLANG_CXX_LANGUAGE_STANDARD = "gnu++14";
				CLANG_CXX_LIBRARY = "libc++";
				CLANG_ENABLE_MODULES = YES;
				CLANG_ENABLE_OBJC_ARC = YES;
				CLANG_ENABLE_OBJC_WEAK = YES;
				CLANG_WARN_BLOCK_CAPTURE_AUTORELEASING = YES;
				CLANG_WARN_BOOL_CONVERSION = YES;
				CLANG_WARN_COMMA = YES;
				CLANG_WARN_CONSTANT_CONVERSION = YES;
				CLANG_WARN_DEPRECATED_OBJC_IMPLEMENTATIONS = YES;
				CLANG_WARN_DIRECT_OBJC_ISA_USAGE = YES_ERROR;
				CLANG_WARN_DOCUMENTATION_COMMENTS = YES;
				CLANG_WARN_EMPTY_BODY = YES;
				CLANG_WARN_ENUM_CONVERSION = YES;
				CLANG_WARN_INFINITE_RECURSION = YES;
				CLANG_WARN_INT_CONVERSION = YES;
				CLANG_WARN_NON_LITERAL_NULL_CONVERSION = YES;
				CLANG_WARN_OBJC_IMPLICIT_RETAIN_SELF = YES;
				CLANG_WARN_OBJC_LITERAL_CONVERSION = YES;
				CLANG_WARN_OBJC_ROOT_CLASS = YES_ERROR;
				CLANG_WARN_QUOTED_INCLUDE_IN_FRAMEWORK_HEADER = YES;
				CLANG_WARN_RANGE_LOOP_ANALYSIS = YES;
				CLANG_WARN_STRICT_PROTOTYPES = YES;
				CLANG_WARN_SUSPICIOUS_MOVE = YES;
				CLANG_WARN_UNGUARDED_AVAILABILITY = YES_AGGRESSIVE;
				CLANG_WARN_UNREACHABLE_CODE = YES;
				CLANG_WARN__DUPLICATE_METHOD_MATCH = YES;
				CODE_SIGN_ENTITLEMENTS = Resources/LassoCropper.entitlements;
				CODE_SIGN_STYLE = Automatic;
				COMBINE_HIDPI_IMAGES = YES;
				COPY_PHASE_STRIP = NO;
				CURRENT_PROJECT_VERSION = 3;
				DEBUG_INFORMATION_FORMAT = dwarf;
				DEVELOPMENT_TEAM = QZZ878S3NS;
				ENABLE_HARDENED_RUNTIME = YES;
				ENABLE_STRICT_OBJC_MSGSEND = YES;
				ENABLE_TESTABILITY = YES;
				GCC_C_LANGUAGE_STANDARD = gnu11;
				GCC_DYNAMIC_NO_PIC = NO;
				GCC_NO_COMMON_BLOCKS = YES;
				GCC_OPTIMIZATION_LEVEL = 0;
				GCC_PREPROCESSOR_DEFINITIONS = (
					"$(inherited)",
					"DEBUG=1",
				);
				GCC_WARN_64_TO_32_BIT_CONVERSION = YES;
				GCC_WARN_ABOUT_RETURN_TYPE = YES_ERROR;
				GCC_WARN_UNDECLARED_SELECTOR = YES;
				GCC_WARN_UNINITIALIZED_AUTOS = YES_AGGRESSIVE;
				GCC_WARN_UNUSED_FUNCTION = YES;
				GCC_WARN_UNUSED_VARIABLE = YES;
				GENERATE_INFOPLIST_FILE = NO;
				INFOPLIST_FILE = Info.plist;
				MACOSX_DEPLOYMENT_TARGET = 13.0;
				MARKETING_VERSION = 1.2;
				MTL_ENABLE_DEBUG_INFO = INCLUDE_SOURCE;
				MTL_FAST_MATH = YES;
				ONLY_ACTIVE_ARCH = YES;
				PRODUCT_BUNDLE_IDENTIFIER = "dev.onecat.lasso-export";
				PRODUCT_NAME = "$(TARGET_NAME)";
				SDKROOT = macosx;
				SWIFT_ACTIVE_COMPILATION_CONDITIONS = DEBUG;
				SWIFT_OPTIMIZATION_LEVEL = "-Onone";
				SWIFT_VERSION = 6.0;
			};
			name = Debug;
		};
		FFBFE6C72D98B7171D02BBE8 /* Debug */ = {
			isa = XCBuildConfiguration;
			buildSettings = {
				ASSETCATALOG_COMPILER_APPICON_NAME = AppIcon;
				COMBINE_HIDPI_IMAGES = YES;
				LD_RUNPATH_SEARCH_PATHS = "@executable_path/../Frameworks";
				PRODUCT_MODULE_NAME = LassoCropper;
				PRODUCT_NAME = LassoCropper;
				SDKROOT = macosx;
			};
			name = Debug;
		};
/* End XCBuildConfiguration section */

/* Begin XCConfigurationList section */
		9811FE56827F903A26EE6C58 /* Build configuration list for PBXNativeTarget "LassoCropper" */ = {
			isa = XCConfigurationList;
			buildConfigurations = (
				FFBFE6C72D98B7171D02BBE8 /* Debug */,
				2C31D5962C281CBDF15BCF1B /* Release */,
			);
			defaultConfigurationIsVisible = 0;
			defaultConfigurationName = Debug;
		};
		BA6039F26D22C31142F117DA /* Build configuration list for PBXProject "LassoCropper" */ = {
			isa = XCConfigurationList;
			buildConfigurations = (
				98AEB1D48B14EF184C3E69E7 /* Debug */,
				41223BA77A4184DD669F26CF /* Release */,
			);
			defaultConfigurationIsVisible = 0;
			defaultConfigurationName = Debug;
		};
/* End XCConfigurationList section */
	};
	rootObject = 26EAC0C61AF3E12CE1EFD220 /* Project object */;
}
